
Microsoft Visual Studio Solution File, Format Version 12.00
# Visual Studio Version 17
VisualStudioVersion = 17.5.33414.496
MinimumVisualStudioVersion = 10.0.40219.1
Project("{FAE04EC0-301F-11D3-BF4B-00C04F79EFBC}") = "quiztime", "quiztime.csproj", "{66A6A454-A43B-423D-B095-49B2B345373E}"
EndProject
Global
	GlobalSection(SolutionConfigurationPlatforms) = preSolution
		Debug|Any CPU = Debug|Any CPU
		Release|Any CPU = Release|Any CPU
	EndGlobalSection
	GlobalSection(ProjectConfigurationPlatforms) = postSolution
		{66A6A454-A43B-423D-B095-49B2B345373E}.Debug|Any CPU.ActiveCfg = Debug|Any CPU
		{66A6A454-A43B-423D-B095-49B2B345373E}.Debug|Any CPU.Build.0 = Debug|Any CPU
		{66A6A454-A43B-423D-B095-49B2B345373E}.Release|Any CPU.ActiveCfg = Release|Any CPU
		{66A6A454-A43B-423D-B095-49B2B345373E}.Release|Any CPU.Build.0 = Release|Any CPU
	EndGlobalSection
	GlobalSection(SolutionProperties) = preSolution
		HideSolutionNode = FALSE
	EndGlobalSection
	GlobalSection(ExtensibilityGlobals) = postSolution
		SolutionGuid = {7D4041C2-D22B-4883-BF66-D32418A9BF29}
	EndGlobalSection
EndGlobal
